
Microsoft Visual Studio Solution File, Format Version 12.00
# Visual Studio Version 17
VisualStudioVersion = 17.8.34330.188
MinimumVisualStudioVersion = 10.0.40219.1
Project("{9A19103F-16F7-4668-BE54-9A1E7A4F7556}") = "TempRel", "TempRel\TempRel.csproj", "{84C83ADC-980E-4B71-80F7-0746A57586C5}"
EndProject
Global
	GlobalSection(SolutionConfigurationPlatforms) = preSolution
		Debug|Any CPU = Debug|Any CPU
		Release|Any CPU = Release|Any CPU
	EndGlobalSection
	GlobalSection(ProjectConfigurationPlatforms) = postSolution
		{84C83ADC-980E-4B71-80F7-0746A57586C5}.Debug|Any CPU.ActiveCfg = Debug|Any CPU
		{84C83ADC-980E-4B71-80F7-0746A57586C5}.Debug|Any CPU.Build.0 = Debug|Any CPU
		{84C83ADC-980E-4B71-80F7-0746A57586C5}.Release|Any CPU.ActiveCfg = Release|Any CPU
		{84C83ADC-980E-4B71-80F7-0746A57586C5}.Release|Any CPU.Build.0 = Release|Any CPU
	EndGlobalSection
	GlobalSection(SolutionProperties) = preSolution
		HideSolutionNode = FALSE
	EndGlobalSection
	GlobalSection(ExtensibilityGlobals) = postSolution
		SolutionGuid = {6CC0FD6A-9FFE-43CC-A03B-25D8E664067C}
	EndGlobalSection
EndGlobal
